
Microsoft Visual Studio Solution File, Format Version 12.00
# Visual Studio 15
VisualStudioVersion = 15.0.28307.421
MinimumVisualStudioVersion = 10.0.40219.1
Project("{FAE04EC0-301F-11D3-BF4B-00C04F79EFBC}") = "Klient", "Projekat\Klient.csproj", "{388737E4-C124-4FD6-BD09-AF4999A0A178}"
EndProject
Project("{FAE04EC0-301F-11D3-BF4B-00C04F79EFBC}") = "Server", "Server\Server.csproj", "{2CDB8E2C-919B-4F13-8885-48A3C09CF245}"
EndProject
Project("{FAE04EC0-301F-11D3-BF4B-00C04F79EFBC}") = "Common", "Common\Common.csproj", "{D879D972-1C67-4A11-93D3-381309F2A42D}"
EndProject
Global
	GlobalSection(SolutionConfigurationPlatforms) = preSolution
		Debug|Any CPU = Debug|Any CPU
		Release|Any CPU = Release|Any CPU
	EndGlobalSection
	GlobalSection(ProjectConfigurationPlatforms) = postSolution
		{388737E4-C124-4FD6-BD09-AF4999A0A178}.Debug|Any CPU.ActiveCfg = Debug|Any CPU
		{388737E4-C124-4FD6-BD09-AF4999A0A178}.Debug|Any CPU.Build.0 = Debug|Any CPU
		{388737E4-C124-4FD6-BD09-AF4999A0A178}.Release|Any CPU.ActiveCfg = Release|Any CPU
		{388737E4-C124-4FD6-BD09-AF4999A0A178}.Release|Any CPU.Build.0 = Release|Any CPU
		{2CDB8E2C-919B-4F13-8885-48A3C09CF245}.Debug|Any CPU.ActiveCfg = Debug|Any CPU
		{2CDB8E2C-919B-4F13-8885-48A3C09CF245}.Debug|Any CPU.Build.0 = Debug|Any CPU
		{2CDB8E2C-919B-4F13-8885-48A3C09CF245}.Release|Any CPU.ActiveCfg = Release|Any CPU
		{2CDB8E2C-919B-4F13-8885-48A3C09CF245}.Release|Any CPU.Build.0 = Release|Any CPU
		{D879D972-1C67-4A11-93D3-381309F2A42D}.Debug|Any CPU.ActiveCfg = Debug|Any CPU
		{D879D972-1C67-4A11-93D3-381309F2A42D}.Debug|Any CPU.Build.0 = Debug|Any CPU
		{D879D972-1C67-4A11-93D3-381309F2A42D}.Release|Any CPU.ActiveCfg = Release|Any CPU
		{D879D972-1C67-4A11-93D3-381309F2A42D}.Release|Any CPU.Build.0 = Release|Any CPU
	EndGlobalSection
	GlobalSection(SolutionProperties) = preSolution
		HideSolutionNode = FALSE
	EndGlobalSection
	GlobalSection(ExtensibilityGlobals) = postSolution
		SolutionGuid = {1EEBFA94-DDC7-4B16-8589-8C980B94F5D8}
	EndGlobalSection
EndGlobal
